{
  "nodes": {
    "darwin": {
      "inputs": {
        "nixpkgs": [
          "nixpkgs"
        ]
      },
      "locked": {
        "lastModified": 1713543876,
        "narHash": "sha256-olEWxacm1xZhAtpq+ZkEyQgR4zgfE7ddpNtZNvubi3g=",
        "owner": "LnL7",
        "repo": "nix-darwin",
        "rev": "9e7c20ffd056e406ddd0276ee9d89f09c5e5f4ed",
        "type": "github"
      },
      "original": {
        "owner": "LnL7",
        "repo": "nix-darwin",
        "type": "github"
      }
    },
    "home-manager": {
      "inputs": {
        "nixpkgs": [
          "nixpkgs"
        ]
      },
      "locked": {
        "lastModified": 1704980875,
        "narHash": "sha256-IPZmMjk5f4TBbEpzUFBc3OC1W6OwDNEXk2w/0uVXX1o=",
        "owner": "nix-community",
        "repo": "home-manager",
        "rev": "5f0ab0eedc6ede69beb8f45561ffefa54edc6e65",
        "type": "github"
      },
      "original": {
        "owner": "nix-community",
        "ref": "release-23.11",
        "repo": "home-manager",
        "type": "github"
      }
    },
    "nixpkgs": {
      "locked": {
        "lastModified": 1713564160,
        "narHash": "sha256-YguPZpiejgzLEcO36/SZULjJQ55iWcjAmf3lYiyV1Fo=",
        "owner": "nixos",
        "repo": "nixpkgs",
        "rev": "bc194f70731cc5d2b046a6c1b3b15f170f05999c",
        "type": "github"
      },
      "original": {
        "owner": "nixos",
        "ref": "nixos-23.11",
        "repo": "nixpkgs",
        "type": "github"
      }
    },
    "nixpkgs-unstable": {
      "locked": {
        "lastModified": 1713687659,
        "narHash": "sha256-Yd8KuOBpZ0Slau/NxFhMPJI0gBxeax0vq/FD0rqKwuQ=",
        "owner": "nixos",
        "repo": "nixpkgs",
        "rev": "f2d7a289c5a5ece8521dd082b81ac7e4a57c2c5c",
        "type": "github"
      },
      "original": {
        "owner": "nixos",
        "ref": "nixpkgs-unstable",
        "repo": "nixpkgs",
        "type": "github"
      }
    },
    "root": {
      "inputs": {
        "darwin": "darwin",
        "home-manager": "home-manager",
        "nixpkgs": "nixpkgs",
        "nixpkgs-unstable": "nixpkgs-unstable"
      }
    }
  },
  "root": "root",
  "version": 7
}
